
Microsoft Visual Studio Solution File, Format Version 12.00
# Visual Studio 15
VisualStudioVersion = 15.0.28010.2050
MinimumVisualStudioVersion = 10.0.40219.1
Project("{FAE04EC0-301F-11D3-BF4B-00C04F79EFBC}") = "FunctionApp", "FunctionApp\FunctionApp.csproj", "{63D0B2BF-1F11-431A-AB9B-DFF3086D63A4}"
EndProject
Project("{FAE04EC0-301F-11D3-BF4B-00C04F79EFBC}") = "FunctionApp.IntegrationTest", "FunctionApp.IntegrationTest\FunctionApp.IntegrationTest.csproj", "{81E793A0-AB7C-4C71-BDAF-4BA1BE611D8C}"
EndProject
Global
	GlobalSection(SolutionConfigurationPlatforms) = preSolution
		Debug|Any CPU = Debug|Any CPU
		Release|Any CPU = Release|Any CPU
	EndGlobalSection
	GlobalSection(ProjectConfigurationPlatforms) = postSolution
		{63D0B2BF-1F11-431A-AB9B-DFF3086D63A4}.Debug|Any CPU.ActiveCfg = Debug|Any CPU
		{63D0B2BF-1F11-431A-AB9B-DFF3086D63A4}.Debug|Any CPU.Build.0 = Debug|Any CPU
		{63D0B2BF-1F11-431A-AB9B-DFF3086D63A4}.Release|Any CPU.ActiveCfg = Release|Any CPU
		{63D0B2BF-1F11-431A-AB9B-DFF3086D63A4}.Release|Any CPU.Build.0 = Release|Any CPU
		{81E793A0-AB7C-4C71-BDAF-4BA1BE611D8C}.Debug|Any CPU.ActiveCfg = Debug|Any CPU
		{81E793A0-AB7C-4C71-BDAF-4BA1BE611D8C}.Debug|Any CPU.Build.0 = Debug|Any CPU
		{81E793A0-AB7C-4C71-BDAF-4BA1BE611D8C}.Release|Any CPU.ActiveCfg = Release|Any CPU
		{81E793A0-AB7C-4C71-BDAF-4BA1BE611D8C}.Release|Any CPU.Build.0 = Release|Any CPU
	EndGlobalSection
	GlobalSection(SolutionProperties) = preSolution
		HideSolutionNode = FALSE
	EndGlobalSection
	GlobalSection(ExtensibilityGlobals) = postSolution
		SolutionGuid = {C4BAF90E-246F-4FE8-B849-4B2BF0902E81}
	EndGlobalSection
EndGlobal
